// !$*UTF8*$!
{
	archiveVersion = 1;
	classes = {
	};
	objectVersion = 77;
	objects = {

/* Begin PBXBuildFile section */
		4743FC952D223C8A00B32D40 /* FirebaseAuth in Frameworks */ = {isa = PBXBuildFile; productRef = 4743FC942D223C8A00B32D40 /* FirebaseAuth */; };
		4743FC972D223C8A00B32D40 /* FirebaseFirestore in Frameworks */ = {isa = PBXBuildFile; productRef = 4743FC962D223C8A00B32D40 /* FirebaseFirestore */; };
		4743FC992D223C8A00B32D40 /* FirebaseStorage in Frameworks */ = {isa = PBXBuildFile; productRef = 4743FC982D223C8A00B32D40 /* FirebaseStorage */; };
/* End PBXBuildFile section */

/* Begin PBXContainerItemProxy section */
		4743FC752D22213D00B32D40 /* PBXContainerItemProxy */ = {
			isa = PBXContainerItemProxy;
			containerPortal = 4743FC5C2D22213A00B32D40 /* Project object */;
			proxyType = 1;
			remoteGlobalIDString = 4743FC632D22213A00B32D40;
			remoteInfo = EBuddyTechQuiz;
		};
		4743FC7F2D22213D00B32D40 /* PBXContainerItemProxy */ = {
			isa = PBXContainerItemProxy;
			containerPortal = 4743FC5C2D22213A00B32D40 /* Project object */;
			proxyType = 1;
			remoteGlobalIDString = 4743FC632D22213A00B32D40;
			remoteInfo = EBuddyTechQuiz;
		};
/* End PBXContainerItemProxy section */

/* Begin PBXFileReference section */
		4743FC642D22213A00B32D40 /* EBuddyTechQuiz.app */ = {isa = PBXFileReference; explicitFileType = wrapper.application; includeInIndex = 0; path = EBuddyTechQuiz.app; sourceTree = BUILT_PRODUCTS_DIR; };
		4743FC742D22213D00B32D40 /* EBuddyTechQuizTests.xctest */ = {isa = PBXFileReference; explicitFileType = wrapper.cfbundle; includeInIndex = 0; path = EBuddyTechQuizTests.xctest; sourceTree = BUILT_PRODUCTS_DIR; };
		4743FC7E2D22213D00B32D40 /* EBuddyTechQuizUITests.xctest */ = {isa = PBXFileReference; explicitFileType = wrapper.cfbundle; includeInIndex = 0; path = EBuddyTechQuizUITests.xctest; sourceTree = BUILT_PRODUCTS_DIR; };
/* End PBXFileReference section */

/* Begin PBXFileSystemSynchronizedRootGroup section */
		4743FC662D22213A00B32D40 /* EBuddyTechQuiz */ = {
			isa = PBXFileSystemSynchronizedRootGroup;
			path = EBuddyTechQuiz;
			sourceTree = "<group>";
		};
		4743FC772D22213D00B32D40 /* EBuddyTechQuizTests */ = {
			isa = PBXFileSystemSynchronizedRootGroup;
			path = EBuddyTechQuizTests;
			sourceTree = "<group>";
		};
		4743FC812D22213D00B32D40 /* EBuddyTechQuizUITests */ = {
			isa = PBXFileSystemSynchronizedRootGroup;
			path = EBuddyTechQuizUITests;
			sourceTree = "<group>";
		};
/* End PBXFileSystemSynchronizedRootGroup section */

/* Begin PBXFrameworksBuildPhase section */
		4743FC612D22213A00B32D40 /* Frameworks */ = {
			isa = PBXFrameworksBuildPhase;
			buildActionMask = 2147483647;
			files = (
				4743FC952D223C8A00B32D40 /* FirebaseAuth in Frameworks */,
				4743FC972D223C8A00B32D40 /* FirebaseFirestore in Frameworks */,
				4743FC992D223C8A00B32D40 /* FirebaseStorage in Frameworks */,
			);
			runOnlyForDeploymentPostprocessing = 0;
		};
		4743FC712D22213D00B32D40 /* Frameworks */ = {
			isa = PBXFrameworksBuildPhase;
			buildActionMask = 2147483647;
			files = (
			);
			runOnlyForDeploymentPostprocessing = 0;
		};
		4743FC7B2D22213D00B32D40 /* Frameworks */ = {
			isa = PBXFrameworksBuildPhase;
			buildActionMask = 2147483647;
			files = (
			);
			runOnlyForDeploymentPostprocessing = 0;
		};
/* End PBXFrameworksBuildPhase section */

/* Begin PBXGroup section */
		4743FC5B2D22213A00B32D40 = {
			isa = PBXGroup;
			children = (
				4743FC662D22213A00B32D40 /* EBuddyTechQuiz */,
				4743FC772D22213D00B32D40 /* EBuddyTechQuizTests */,
				4743FC812D22213D00B32D40 /* EBuddyTechQuizUITests */,
				4743FC652D22213A00B32D40 /* Products */,
			);
			sourceTree = "<group>";
		};
		4743FC652D22213A00B32D40 /* Products */ = {
			isa = PBXGroup;
			children = (
				4743FC642D22213A00B32D40 /* EBuddyTechQuiz.app */,
				4743FC742D22213D00B32D40 /* EBuddyTechQuizTests.xctest */,
				4743FC7E2D22213D00B32D40 /* EBuddyTechQuizUITests.xctest */,
			);
			name = Products;
			sourceTree = "<group>";
		};
/* End PBXGroup section */

/* Begin PBXNativeTarget section */
		4743FC632D22213A00B32D40 /* EBuddyTechQuiz */ = {
			isa = PBXNativeTarget;
			buildConfigurationList = 4743FC882D22213D00B32D40 /* Build configuration list for PBXNativeTarget "EBuddyTechQuiz" */;
			buildPhases = (
				4743FC602D22213A00B32D40 /* Sources */,
				4743FC612D22213A00B32D40 /* Frameworks */,
				4743FC622D22213A00B32D40 /* Resources */,
			);
			buildRules = (
			);
			dependencies = (
			);
			fileSystemSynchronizedGroups = (
				4743FC662D22213A00B32D40 /* EBuddyTechQuiz */,
			);
			name = EBuddyTechQuiz;
			packageProductDependencies = (
				4743FC942D223C8A00B32D40 /* FirebaseAuth */,
				4743FC962D223C8A00B32D40 /* FirebaseFirestore */,
				4743FC982D223C8A00B32D40 /* FirebaseStorage */,
			);
			productName = EBuddyTechQuiz;
			productReference = 4743FC642D22213A00B32D40 /* EBuddyTechQuiz.app */;
			productType = "com.apple.product-type.application";
		};
		4743FC732D22213D00B32D40 /* EBuddyTechQuizTests */ = {
			isa = PBXNativeTarget;
			buildConfigurationList = 4743FC8B2D22213D00B32D40 /* Build configuration list for PBXNativeTarget "EBuddyTechQuizTests" */;
			buildPhases = (
				4743FC702D22213D00B32D40 /* Sources */,
				4743FC712D22213D00B32D40 /* Frameworks */,
				4743FC722D22213D00B32D40 /* Resources */,
			);
			buildRules = (
			);
			dependencies = (
				4743FC762D22213D00B32D40 /* PBXTargetDependency */,
			);
			fileSystemSynchronizedGroups = (
				4743FC772D22213D00B32D40 /* EBuddyTechQuizTests */,
			);
			name = EBuddyTechQuizTests;
			packageProductDependencies = (
			);
			productName = EBuddyTechQuizTests;
			productReference = 4743FC742D22213D00B32D40 /* EBuddyTechQuizTests.xctest */;
			productType = "com.apple.product-type.bundle.unit-test";
		};
		4743FC7D2D22213D00B32D40 /* EBuddyTechQuizUITests */ = {
			isa = PBXNativeTarget;
			buildConfigurationList = 4743FC8E2D22213D00B32D40 /* Build configuration list for PBXNativeTarget "EBuddyTechQuizUITests" */;
			buildPhases = (
				4743FC7A2D22213D00B32D40 /* Sources */,
				4743FC7B2D22213D00B32D40 /* Frameworks */,
				4743FC7C2D22213D00B32D40 /* Resources */,
			);
			buildRules = (
			);
			dependencies = (
				4743FC802D22213D00B32D40 /* PBXTargetDependency */,
			);
			fileSystemSynchronizedGroups = (
				4743FC812D22213D00B32D40 /* EBuddyTechQuizUITests */,
			);
			name = EBuddyTechQuizUITests;
			packageProductDependencies = (
			);
			productName = EBuddyTechQuizUITests;
			productReference = 4743FC7E2D22213D00B32D40 /* EBuddyTechQuizUITests.xctest */;
			productType = "com.apple.product-type.bundle.ui-testing";
		};
/* End PBXNativeTarget section */

/* Begin PBXProject section */
		4743FC5C2D22213A00B32D40 /* Project object */ = {
			isa = PBXProject;
			attributes = {
				BuildIndependentTargetsInParallel = 1;
				LastSwiftUpdateCheck = 1610;
				LastUpgradeCheck = 1610;
				TargetAttributes = {
					4743FC632D22213A00B32D40 = {
						CreatedOnToolsVersion = 16.1;
					};
					4743FC732D22213D00B32D40 = {
						CreatedOnToolsVersion = 16.1;
						TestTargetID = 4743FC632D22213A00B32D40;
					};
					4743FC7D2D22213D00B32D40 = {
						CreatedOnToolsVersion = 16.1;
						TestTargetID = 4743FC632D22213A00B32D40;
					};
				};
			};
			buildConfigurationList = 4743FC5F2D22213A00B32D40 /* Build configuration list for PBXProject "EBuddyTechQuiz" */;
			developmentRegion = en;
			hasScannedForEncodings = 0;
			knownRegions = (
				en,
				Base,
			);
			mainGroup = 4743FC5B2D22213A00B32D40;
			minimizedProjectReferenceProxies = 1;
			packageReferences = (
				4743FC932D223C8900B32D40 /* XCRemoteSwiftPackageReference "firebase-ios-sdk" */,
			);
			preferredProjectObjectVersion = 77;
			productRefGroup = 4743FC652D22213A00B32D40 /* Products */;
			projectDirPath = "";
			projectRoot = "";
			targets = (
				4743FC632D22213A00B32D40 /* EBuddyTechQuiz */,
				4743FC732D22213D00B32D40 /* EBuddyTechQuizTests */,
				4743FC7D2D22213D00B32D40 /* EBuddyTechQuizUITests */,
			);
		};
/* End PBXProject section */

/* Begin PBXResourcesBuildPhase section */
		4743FC622D22213A00B32D40 /* Resources */ = {
			isa = PBXResourcesBuildPhase;
			buildActionMask = 2147483647;
			files = (
			);
			runOnlyForDeploymentPostprocessing = 0;
		};
		4743FC722D22213D00B32D40 /* Resources */ = {
			isa = PBXResourcesBuildPhase;
			buildActionMask = 2147483647;
			files = (
			);
			runOnlyForDeploymentPostprocessing = 0;
		};
		4743FC7C2D22213D00B32D40 /* Resources */ = {
			isa = PBXResourcesBuildPhase;
			buildActionMask = 2147483647;
			files = (
			);
			runOnlyForDeploymentPostprocessing = 0;
		};
/* End PBXResourcesBuildPhase section */

/* Begin PBXSourcesBuildPhase section */
		4743FC602D22213A00B32D40 /* Sources */ = {
			isa = PBXSourcesBuildPhase;
			buildActionMask = 2147483647;
			files = (
			);
			runOnlyForDeploymentPostprocessing = 0;
		};
		4743FC702D22213D00B32D40 /* Sources */ = {
			isa = PBXSourcesBuildPhase;
			buildActionMask = 2147483647;
			files = (
			);
			runOnlyForDeploymentPostprocessing = 0;
		};
		4743FC7A2D22213D00B32D40 /* Sources */ = {
			isa = PBXSourcesBuildPhase;
			buildActionMask = 2147483647;
			files = (
			);
			runOnlyForDeploymentPostprocessing = 0;
		};
/* End PBXSourcesBuildPhase section */

/* Begin PBXTargetDependency section */
		4743FC762D22213D00B32D40 /* PBXTargetDependency */ = {
			isa = PBXTargetDependency;
			target = 4743FC632D22213A00B32D40 /* EBuddyTechQuiz */;
			targetProxy = 4743FC752D22213D00B32D40 /* PBXContainerItemProxy */;
		};
		4743FC802D22213D00B32D40 /* PBXTargetDependency */ = {
			isa = PBXTargetDependency;
			target = 4743FC632D22213A00B32D40 /* EBuddyTechQuiz */;
			targetProxy = 4743FC7F2D22213D00B32D40 /* PBXContainerItemProxy */;
		};
/* End PBXTargetDependency section */

/* Begin XCBuildConfiguration section */
		4743FC862D22213D00B32D40 /* Debug */ = {
			isa = XCBuildConfiguration;
			buildSettings = {
				ALWAYS_SEARCH_USER_PATHS = NO;
				ASSETCATALOG_COMPILER_GENERATE_SWIFT_ASSET_SYMBOL_EXTENSIONS = YES;
				CLANG_ANALYZER_NONNULL = YES;
				CLANG_ANALYZER_NUMBER_OBJECT_CONVERSION = YES_AGGRESSIVE;
				CLANG_CXX_LANGUAGE_STANDARD = "gnu++20";
				CLANG_ENABLE_MODULES = YES;
				CLANG_ENABLE_OBJC_ARC = YES;
				CLANG_ENABLE_OBJC_WEAK = YES;
				CLANG_WARN_BLOCK_CAPTURE_AUTORELEASING = YES;
				CLANG_WARN_BOOL_CONVERSION = YES;
				CLANG_WARN_COMMA = YES;
				CLANG_WARN_CONSTANT_CONVERSION = YES;
				CLANG_WARN_DEPRECATED_OBJC_IMPLEMENTATIONS = YES;
				CLANG_WARN_DIRECT_OBJC_ISA_USAGE = YES_ERROR;
				CLANG_WARN_DOCUMENTATION_COMMENTS = YES;
				CLANG_WARN_EMPTY_BODY = YES;
				CLANG_WARN_ENUM_CONVERSION = YES;
				CLANG_WARN_INFINITE_RECURSION = YES;
				CLANG_WARN_INT_CONVERSION = YES;
				CLANG_WARN_NON_LITERAL_NULL_CONVERSION = YES;
				CLANG_WARN_OBJC_IMPLICIT_RETAIN_SELF = YES;
				CLANG_WARN_OBJC_LITERAL_CONVERSION = YES;
				CLANG_WARN_OBJC_ROOT_CLASS = YES_ERROR;
				CLANG_WARN_QUOTED_INCLUDE_IN_FRAMEWORK_HEADER = YES;
				CLANG_WARN_RANGE_LOOP_ANALYSIS = YES;
				CLANG_WARN_STRICT_PROTOTYPES = YES;
				CLANG_WARN_SUSPICIOUS_MOVE = YES;
				CLANG_WARN_UNGUARDED_AVAILABILITY = YES_AGGRESSIVE;
				CLANG_WARN_UNREACHABLE_CODE = YES;
				CLANG_WARN__DUPLICATE_METHOD_MATCH = YES;
				COPY_PHASE_STRIP = NO;
				DEBUG_INFORMATION_FORMAT = dwarf;
				ENABLE_STRICT_OBJC_MSGSEND = YES;
				ENABLE_TESTABILITY = YES;
				ENABLE_USER_SCRIPT_SANDBOXING = YES;
				GCC_C_LANGUAGE_STANDARD = gnu17;
				GCC_DYNAMIC_NO_PIC = NO;
				GCC_NO_COMMON_BLOCKS = YES;
				GCC_OPTIMIZATION_LEVEL = 0;
				GCC_PREPROCESSOR_DEFINITIONS = (
					"DEBUG=1",
					"$(inherited)",
				);
				GCC_WARN_64_TO_32_BIT_CONVERSION = YES;
				GCC_WARN_ABOUT_RETURN_TYPE = YES_ERROR;
				GCC_WARN_UNDECLARED_SELECTOR = YES;
				GCC_WARN_UNINITIALIZED_AUTOS = YES_AGGRESSIVE;
				GCC_WARN_UNUSED_FUNCTION = YES;
				GCC_WARN_UNUSED_VARIABLE = YES;
				IPHONEOS_DEPLOYMENT_TARGET = 18.1;
				LOCALIZATION_PREFERS_STRING_CATALOGS = YES;
				MTL_ENABLE_DEBUG_INFO = INCLUDE_SOURCE;
				MTL_FAST_MATH = YES;
				ONLY_ACTIVE_ARCH = YES;
				SDKROOT = iphoneos;
				SWIFT_ACTIVE_COMPILATION_CONDITIONS = "DEBUG $(inherited)";
				SWIFT_OPTIMIZATION_LEVEL = "-Onone";
			};
			name = Debug;
		};
		4743FC872D22213D00B32D40 /* Release */ = {
			isa = XCBuildConfiguration;
			buildSettings = {
				ALWAYS_SEARCH_USER_PATHS = NO;
				ASSETCATALOG_COMPILER_GENERATE_SWIFT_ASSET_SYMBOL_EXTENSIONS = YES;
				CLANG_ANALYZER_NONNULL = YES;
				CLANG_ANALYZER_NUMBER_OBJECT_CONVERSION = YES_AGGRESSIVE;
				CLANG_CXX_LANGUAGE_STANDARD = "gnu++20";
				CLANG_ENABLE_MODULES = YES;
				CLANG_ENABLE_OBJC_ARC = YES;
				CLANG_ENABLE_OBJC_WEAK = YES;
				CLANG_WARN_BLOCK_CAPTURE_AUTORELEASING = YES;
				CLANG_WARN_BOOL_CONVERSION = YES;
				CLANG_WARN_COMMA = YES;
				CLANG_WARN_CONSTANT_CONVERSION = YES;
				CLANG_WARN_DEPRECATED_OBJC_IMPLEMENTATIONS = YES;
				CLANG_WARN_DIRECT_OBJC_ISA_USAGE = YES_ERROR;
				CLANG_WARN_DOCUMENTATION_COMMENTS = YES;
				CLANG_WARN_EMPTY_BODY = YES;
				CLANG_WARN_ENUM_CONVERSION = YES;
				CLANG_WARN_INFINITE_RECURSION = YES;
				CLANG_WARN_INT_CONVERSION = YES;
				CLANG_WARN_NON_LITERAL_NULL_CONVERSION = YES;
				CLANG_WARN_OBJC_IMPLICIT_RETAIN_SELF = YES;
				CLANG_WARN_OBJC_LITERAL_CONVERSION = YES;
				CLANG_WARN_OBJC_ROOT_CLASS = YES_ERROR;
				CLANG_WARN_QUOTED_INCLUDE_IN_FRAMEWORK_HEADER = YES;
				CLANG_WARN_RANGE_LOOP_ANALYSIS = YES;
				CLANG_WARN_STRICT_PROTOTYPES = YES;
				CLANG_WARN_SUSPICIOUS_MOVE = YES;
				CLANG_WARN_UNGUARDED_AVAILABILITY = YES_AGGRESSIVE;
				CLANG_WARN_UNREACHABLE_CODE = YES;
				CLANG_WARN__DUPLICATE_METHOD_MATCH = YES;
				COPY_PHASE_STRIP = NO;
				DEBUG_INFORMATION_FORMAT = "dwarf-with-dsym";
				ENABLE_NS_ASSERTIONS = NO;
				ENABLE_STRICT_OBJC_MSGSEND = YES;
				ENABLE_USER_SCRIPT_SANDBOXING = YES;
				GCC_C_LANGUAGE_STANDARD = gnu17;
				GCC_NO_COMMON_BLOCKS = YES;
				GCC_WARN_64_TO_32_BIT_CONVERSION = YES;
				GCC_WARN_ABOUT_RETURN_TYPE = YES_ERROR;
				GCC_WARN_UNDECLARED_SELECTOR = YES;
				GCC_WARN_UNINITIALIZED_AUTOS = YES_AGGRESSIVE;
				GCC_WARN_UNUSED_FUNCTION = YES;
				GCC_WARN_UNUSED_VARIABLE = YES;
				IPHONEOS_DEPLOYMENT_TARGET = 18.1;
				LOCALIZATION_PREFERS_STRING_CATALOGS = YES;
				MTL_ENABLE_DEBUG_INFO = NO;
				MTL_FAST_MATH = YES;
				SDKROOT = iphoneos;
				SWIFT_COMPILATION_MODE = wholemodule;
				VALIDATE_PRODUCT = YES;
			};
			name = Release;
		};
		4743FC892D22213D00B32D40 /* Debug */ = {
			isa = XCBuildConfiguration;
			buildSettings = {
				ASSETCATALOG_COMPILER_APPICON_NAME = AppIcon;
				ASSETCATALOG_COMPILER_GLOBAL_ACCENT_COLOR_NAME = AccentColor;
				CODE_SIGN_STYLE = Automatic;
				CURRENT_PROJECT_VERSION = 1;
				DEVELOPMENT_ASSET_PATHS = "\"EBuddyTechQuiz/Preview Content\"";
				ENABLE_PREVIEWS = YES;
				GENERATE_INFOPLIST_FILE = YES;
				INFOPLIST_KEY_UIApplicationSceneManifest_Generation = YES;
				INFOPLIST_KEY_UIApplicationSupportsIndirectInputEvents = YES;
				INFOPLIST_KEY_UILaunchScreen_Generation = YES;
				INFOPLIST_KEY_UISupportedInterfaceOrientations_iPad = "UIInterfaceOrientationPortrait UIInterfaceOrientationPortraitUpsideDown UIInterfaceOrientationLandscapeLeft UIInterfaceOrientationLandscapeRight";
				INFOPLIST_KEY_UISupportedInterfaceOrientations_iPhone = "UIInterfaceOrientationPortrait UIInterfaceOrientationLandscapeLeft UIInterfaceOrientationLandscapeRight";
				LD_RUNPATH_SEARCH_PATHS = (
					"$(inherited)",
					"@executable_path/Frameworks",
				);
				MARKETING_VERSION = 1.0;
				PRODUCT_BUNDLE_IDENTIFIER = com.EBuddy.EBuddyTechQuiz;
				PRODUCT_NAME = "$(TARGET_NAME)";
				SWIFT_EMIT_LOC_STRINGS = YES;
				SWIFT_VERSION = 5.0;
				TARGETED_DEVICE_FAMILY = "1,2";
			};
			name = Debug;
		};
		4743FC8A2D22213D00B32D40 /* Release */ = {
			isa = XCBuildConfiguration;
			buildSettings = {
				ASSETCATALOG_COMPILER_APPICON_NAME = AppIcon;
				ASSETCATALOG_COMPILER_GLOBAL_ACCENT_COLOR_NAME = AccentColor;
				CODE_SIGN_STYLE = Automatic;
				CURRENT_PROJECT_VERSION = 1;
				DEVELOPMENT_ASSET_PATHS = "\"EBuddyTechQuiz/Preview Content\"";
				ENABLE_PREVIEWS = YES;
				GENERATE_INFOPLIST_FILE = YES;
				INFOPLIST_KEY_UIApplicationSceneManifest_Generation = YES;
				INFOPLIST_KEY_UIApplicationSupportsIndirectInputEvents = YES;
				INFOPLIST_KEY_UILaunchScreen_Generation = YES;
				INFOPLIST_KEY_UISupportedInterfaceOrientations_iPad = "UIInterfaceOrientationPortrait UIInterfaceOrientationPortraitUpsideDown UIInterfaceOrientationLandscapeLeft UIInterfaceOrientationLandscapeRight";
				INFOPLIST_KEY_UISupportedInterfaceOrientations_iPhone = "UIInterfaceOrientationPortrait UIInterfaceOrientationLandscapeLeft UIInterfaceOrientationLandscapeRight";
				LD_RUNPATH_SEARCH_PATHS = (
					"$(inherited)",
					"@executable_path/Frameworks",
				);
				MARKETING_VERSION = 1.0;
				PRODUCT_BUNDLE_IDENTIFIER = com.EBuddy.EBuddyTechQuiz;
				PRODUCT_NAME = "$(TARGET_NAME)";
				SWIFT_EMIT_LOC_STRINGS = YES;
				SWIFT_VERSION = 5.0;
				TARGETED_DEVICE_FAMILY = "1,2";
			};
			name = Release;
		};
		4743FC8C2D22213D00B32D40 /* Debug */ = {
			isa = XCBuildConfiguration;
			buildSettings = {
				BUNDLE_LOADER = "$(TEST_HOST)";
				CODE_SIGN_STYLE = Automatic;
				CURRENT_PROJECT_VERSION = 1;
				GENERATE_INFOPLIST_FILE = YES;
				IPHONEOS_DEPLOYMENT_TARGET = 18.1;
				MARKETING_VERSION = 1.0;
				PRODUCT_BUNDLE_IDENTIFIER = EBuddy.EBuddyTechQuizTests;
				PRODUCT_NAME = "$(TARGET_NAME)";
				SWIFT_EMIT_LOC_STRINGS = NO;
				SWIFT_VERSION = 5.0;
				TARGETED_DEVICE_FAMILY = "1,2";
				TEST_HOST = "$(BUILT_PRODUCTS_DIR)/EBuddyTechQuiz.app/$(BUNDLE_EXECUTABLE_FOLDER_PATH)/EBuddyTechQuiz";
			};
			name = Debug;
		};
		4743FC8D2D22213D00B32D40 /* Release */ = {
			isa = XCBuildConfiguration;
			buildSettings = {
				BUNDLE_LOADER = "$(TEST_HOST)";
				CODE_SIGN_STYLE = Automatic;
				CURRENT_PROJECT_VERSION = 1;
				GENERATE_INFOPLIST_FILE = YES;
				IPHONEOS_DEPLOYMENT_TARGET = 18.1;
				MARKETING_VERSION = 1.0;
				PRODUCT_BUNDLE_IDENTIFIER = EBuddy.EBuddyTechQuizTests;
				PRODUCT_NAME = "$(TARGET_NAME)";
				SWIFT_EMIT_LOC_STRINGS = NO;
				SWIFT_VERSION = 5.0;
				TARGETED_DEVICE_FAMILY = "1,2";
				TEST_HOST = "$(BUILT_PRODUCTS_DIR)/EBuddyTechQuiz.app/$(BUNDLE_EXECUTABLE_FOLDER_PATH)/EBuddyTechQuiz";
			};
			name = Release;
		};
		4743FC8F2D22213D00B32D40 /* Debug */ = {
			isa = XCBuildConfiguration;
			buildSettings = {
				CODE_SIGN_STYLE = Automatic;
				CURRENT_PROJECT_VERSION = 1;
				GENERATE_INFOPLIST_FILE = YES;
				MARKETING_VERSION = 1.0;
				PRODUCT_BUNDLE_IDENTIFIER = EBuddy.EBuddyTechQuizUITests;
				PRODUCT_NAME = "$(TARGET_NAME)";
				SWIFT_EMIT_LOC_STRINGS = NO;
				SWIFT_VERSION = 5.0;
				TARGETED_DEVICE_FAMILY = "1,2";
				TEST_TARGET_NAME = EBuddyTechQuiz;
			};
			name = Debug;
		};
		4743FC902D22213D00B32D40 /* Release */ = {
			isa = XCBuildConfiguration;
			buildSettings = {
				CODE_SIGN_STYLE = Automatic;
				CURRENT_PROJECT_VERSION = 1;
				GENERATE_INFOPLIST_FILE = YES;
				MARKETING_VERSION = 1.0;
				PRODUCT_BUNDLE_IDENTIFIER = EBuddy.EBuddyTechQuizUITests;
				PRODUCT_NAME = "$(TARGET_NAME)";
				SWIFT_EMIT_LOC_STRINGS = NO;
				SWIFT_VERSION = 5.0;
				TARGETED_DEVICE_FAMILY = "1,2";
				TEST_TARGET_NAME = EBuddyTechQuiz;
			};
			name = Release;
		};
/* End XCBuildConfiguration section */

/* Begin XCConfigurationList section */
		4743FC5F2D22213A00B32D40 /* Build configuration list for PBXProject "EBuddyTechQuiz" */ = {
			isa = XCConfigurationList;
			buildConfigurations = (
				4743FC862D22213D00B32D40 /* Debug */,
				4743FC872D22213D00B32D40 /* Release */,
			);
			defaultConfigurationIsVisible = 0;
			defaultConfigurationName = Release;
		};
		4743FC882D22213D00B32D40 /* Build configuration list for PBXNativeTarget "EBuddyTechQuiz" */ = {
			isa = XCConfigurationList;
			buildConfigurations = (
				4743FC892D22213D00B32D40 /* Debug */,
				4743FC8A2D22213D00B32D40 /* Release */,
			);
			defaultConfigurationIsVisible = 0;
			defaultConfigurationName = Release;
		};
		4743FC8B2D22213D00B32D40 /* Build configuration list for PBXNativeTarget "EBuddyTechQuizTests" */ = {
			isa = XCConfigurationList;
			buildConfigurations = (
				4743FC8C2D22213D00B32D40 /* Debug */,
				4743FC8D2D22213D00B32D40 /* Release */,
			);
			defaultConfigurationIsVisible = 0;
			defaultConfigurationName = Release;
		};
		4743FC8E2D22213D00B32D40 /* Build configuration list for PBXNativeTarget "EBuddyTechQuizUITests" */ = {
			isa = XCConfigurationList;
			buildConfigurations = (
				4743FC8F2D22213D00B32D40 /* Debug */,
				4743FC902D22213D00B32D40 /* Release */,
			);
			defaultConfigurationIsVisible = 0;
			defaultConfigurationName = Release;
		};
/* End XCConfigurationList section */

/* Begin XCRemoteSwiftPackageReference section */
		4743FC932D223C8900B32D40 /* XCRemoteSwiftPackageReference "firebase-ios-sdk" */ = {
			isa = XCRemoteSwiftPackageReference;
			repositoryURL = "https://github.com/firebase/firebase-ios-sdk";
			requirement = {
				kind = upToNextMajorVersion;
				minimumVersion = 11.6.0;
			};
		};
/* End XCRemoteSwiftPackageReference section */

/* Begin XCSwiftPackageProductDependency section */
		4743FC942D223C8A00B32D40 /* FirebaseAuth */ = {
			isa = XCSwiftPackageProductDependency;
			package = 4743FC932D223C8900B32D40 /* XCRemoteSwiftPackageReference "firebase-ios-sdk" */;
			productName = FirebaseAuth;
		};
		4743FC962D223C8A00B32D40 /* FirebaseFirestore */ = {
			isa = XCSwiftPackageProductDependency;
			package = 4743FC932D223C8900B32D40 /* XCRemoteSwiftPackageReference "firebase-ios-sdk" */;
			productName = FirebaseFirestore;
		};
		4743FC982D223C8A00B32D40 /* FirebaseStorage */ = {
			isa = XCSwiftPackageProductDependency;
			package = 4743FC932D223C8900B32D40 /* XCRemoteSwiftPackageReference "firebase-ios-sdk" */;
			productName = FirebaseStorage;
		};
/* End XCSwiftPackageProductDependency section */
	};
	rootObject = 4743FC5C2D22213A00B32D40 /* Project object */;
}
